# Generated by buf. DO NOT EDIT.
version: v2
deps:
  - name: buf.build/googleapis/googleapis
    commit: 4383c33e6c714f8bb30a26a6d838e217
    digest: b5:24e758f963ee1bb3b5218eb452e0bdfb7a5449d9a77d174b8284b6368ccc1884213689381cdcd79e4231796c281c128ac1ae50825237b1774deb542bdc704b32
  - name: buf.build/grpc-ecosystem/grpc-gateway
    commit: 05684d294cc5420e95a903ff363ed347
    digest: b5:64ac6d9f363dfc69d619ee4649a7cbad7081c5ecbd35e5f6f2c982a36d9c663545e8e31a38b51b0d9813ac20e87988b89f00e9bd4fee64a9740ec34ffc5b942f
